
Microsoft Visual Studio Solution File, Format Version 12.00
# Visual Studio Version 16
VisualStudioVersion = 16.0.32002.261
MinimumVisualStudioVersion = 10.0.40219.1
Project("{FAE04EC0-301F-11D3-BF4B-00C04F79EFBC}") = "BalanceProject2", "BalanceProject2.csproj", "{DF187679-B8FB-4DC9-B532-27E2185E95C8}"
EndProject
Global
	GlobalSection(SolutionConfigurationPlatforms) = preSolution
		Debug|Any CPU = Debug|Any CPU
		Release|Any CPU = Release|Any CPU
	EndGlobalSection
	GlobalSection(ProjectConfigurationPlatforms) = postSolution
		{DF187679-B8FB-4DC9-B532-27E2185E95C8}.Debug|Any CPU.ActiveCfg = Debug|Any CPU
		{DF187679-B8FB-4DC9-B532-27E2185E95C8}.Debug|Any CPU.Build.0 = Debug|Any CPU
		{DF187679-B8FB-4DC9-B532-27E2185E95C8}.Release|Any CPU.ActiveCfg = Release|Any CPU
		{DF187679-B8FB-4DC9-B532-27E2185E95C8}.Release|Any CPU.Build.0 = Release|Any CPU
	EndGlobalSection
	GlobalSection(SolutionProperties) = preSolution
		HideSolutionNode = FALSE
	EndGlobalSection
	GlobalSection(ExtensibilityGlobals) = postSolution
		SolutionGuid = {261CC256-A95C-4B88-9C77-11C626CF44FB}
	EndGlobalSection
EndGlobal
